
Microsoft Visual Studio Solution File, Format Version 12.00
# Visual Studio 2012
Project("{FAE04EC0-301F-11D3-BF4B-00C04F79EFBC}") = "SMSSender.Main", "SMSSender.Console\SMSSender.Main.csproj", "{5BE70C03-BD71-45FA-8862-FB453A3E5664}"
EndProject
Project("{FAE04EC0-301F-11D3-BF4B-00C04F79EFBC}") = "SMSSender.Library", "SMSSender.Library\SMSSender.Library.csproj", "{275522DB-5CBE-4BD0-B9B7-0C68D8CBD8F1}"
EndProject
Project("{FAE04EC0-301F-11D3-BF4B-00C04F79EFBC}") = "ConsoleApplication1", "ConsoleApplication1\ConsoleApplication1.csproj", "{A2DC6BDC-2F40-41D9-95C6-39B41D898077}"
EndProject
Project("{FAE04EC0-301F-11D3-BF4B-00C04F79EFBC}") = "SMSSender.Model", "SMSSender.Model\SMSSender.Model.csproj", "{2EFF733C-47B7-4A30-9478-691B8764B8F3}"
EndProject
Global
	GlobalSection(SolutionConfigurationPlatforms) = preSolution
		Debug|Any CPU = Debug|Any CPU
		Release|Any CPU = Release|Any CPU
	EndGlobalSection
	GlobalSection(ProjectConfigurationPlatforms) = postSolution
		{5BE70C03-BD71-45FA-8862-FB453A3E5664}.Debug|Any CPU.ActiveCfg = Debug|Any CPU
		{5BE70C03-BD71-45FA-8862-FB453A3E5664}.Debug|Any CPU.Build.0 = Debug|Any CPU
		{5BE70C03-BD71-45FA-8862-FB453A3E5664}.Release|Any CPU.ActiveCfg = Release|Any CPU
		{5BE70C03-BD71-45FA-8862-FB453A3E5664}.Release|Any CPU.Build.0 = Release|Any CPU
		{275522DB-5CBE-4BD0-B9B7-0C68D8CBD8F1}.Debug|Any CPU.ActiveCfg = Debug|Any CPU
		{275522DB-5CBE-4BD0-B9B7-0C68D8CBD8F1}.Debug|Any CPU.Build.0 = Debug|Any CPU
		{275522DB-5CBE-4BD0-B9B7-0C68D8CBD8F1}.Release|Any CPU.ActiveCfg = Release|Any CPU
		{275522DB-5CBE-4BD0-B9B7-0C68D8CBD8F1}.Release|Any CPU.Build.0 = Release|Any CPU
		{A2DC6BDC-2F40-41D9-95C6-39B41D898077}.Debug|Any CPU.ActiveCfg = Debug|Any CPU
		{A2DC6BDC-2F40-41D9-95C6-39B41D898077}.Debug|Any CPU.Build.0 = Debug|Any CPU
		{A2DC6BDC-2F40-41D9-95C6-39B41D898077}.Release|Any CPU.ActiveCfg = Release|Any CPU
		{A2DC6BDC-2F40-41D9-95C6-39B41D898077}.Release|Any CPU.Build.0 = Release|Any CPU
		{2EFF733C-47B7-4A30-9478-691B8764B8F3}.Debug|Any CPU.ActiveCfg = Debug|Any CPU
		{2EFF733C-47B7-4A30-9478-691B8764B8F3}.Debug|Any CPU.Build.0 = Debug|Any CPU
		{2EFF733C-47B7-4A30-9478-691B8764B8F3}.Release|Any CPU.ActiveCfg = Release|Any CPU
		{2EFF733C-47B7-4A30-9478-691B8764B8F3}.Release|Any CPU.Build.0 = Release|Any CPU
	EndGlobalSection
	GlobalSection(SolutionProperties) = preSolution
		HideSolutionNode = FALSE
	EndGlobalSection
EndGlobal
