{
  "requires": true,
  "lockfileVersion": 1,
  "dependencies": {
    "@types/jquery": {
      "version": "3.2.10",
      "resolved": "https://registry.npmjs.org/@types/jquery/-/jquery-3.2.10.tgz",
      "integrity": "sha512-VtD/+VgsQMY+rmibce1HhXeF47eFkbv/D+7BmQdl8yu0Wo2LW1yV69cAPKhFHdW2kmTi9W8nl2GNBz2WQoGFag=="
    }
  }
}
